// !$*UTF8*$!
{
	archiveVersion = 1;
	classes = {
	};
	objectVersion = 56;
	objects = {

/* Begin PBXBuildFile section */
		F1318B182B8D515300634E6C /* FoodPinApp.swift in Sources */ = {isa = PBXBuildFile; fileRef = F1318B172B8D515300634E6C /* FoodPinApp.swift */; };
		F1318B1A2B8D515300634E6C /* RestaurantListView.swift in Sources */ = {isa = PBXBuildFile; fileRef = F1318B192B8D515300634E6C /* RestaurantListView.swift */; };
		F1318B1C2B8D515400634E6C /* Assets.xcassets in Resources */ = {isa = PBXBuildFile; fileRef = F1318B1B2B8D515400634E6C /* Assets.xcassets */; };
		F1318B1F2B8D515400634E6C /* Preview Assets.xcassets in Resources */ = {isa = PBXBuildFile; fileRef = F1318B1E2B8D515400634E6C /* Preview Assets.xcassets */; };
		F14C2F882BCDE11C00C6B26F /* Nunito-Regular.ttf in Resources */ = {isa = PBXBuildFile; fileRef = F14C2F862BCDE11C00C6B26F /* Nunito-Regular.ttf */; };
		F14C2F892BCDE11C00C6B26F /* Nunito-Bold.ttf in Resources */ = {isa = PBXBuildFile; fileRef = F14C2F872BCDE11C00C6B26F /* Nunito-Bold.ttf */; };
		F1689D812BC4ABC8008F26A0 /* ActivityView.swift in Sources */ = {isa = PBXBuildFile; fileRef = F1689D802BC4ABC8008F26A0 /* ActivityView.swift */; };
		F16B20C02BD9C2F00001C1BF /* ReviewView.swift in Sources */ = {isa = PBXBuildFile; fileRef = F16B20BF2BD9C2F00001C1BF /* ReviewView.swift */; };
		F171C7EC2BC74D2F00A389F5 /* RestaurantDetailView.swift in Sources */ = {isa = PBXBuildFile; fileRef = F171C7EB2BC74D2F00A389F5 /* RestaurantDetailView.swift */; };
		F1AEB0FB2BE98D920030B720 /* NewRestaurantView.swift in Sources */ = {isa = PBXBuildFile; fileRef = F1AEB0FA2BE98D920030B720 /* NewRestaurantView.swift */; };
		F1AEB0FE2BE99BFD0030B720 /* ImagePicker.swift in Sources */ = {isa = PBXBuildFile; fileRef = F1AEB0FD2BE99BFD0030B720 /* ImagePicker.swift */; };
		F1B227292BBDE78A0068000C /* Restaurant.swift in Sources */ = {isa = PBXBuildFile; fileRef = F1B227282BBDE78A0068000C /* Restaurant.swift */; };
		F1F707E02BD0855600AAD009 /* MapView.swift in Sources */ = {isa = PBXBuildFile; fileRef = F1F707DF2BD0855600AAD009 /* MapView.swift */; };
/* End PBXBuildFile section */

/* Begin PBXFileReference section */
		F1318B142B8D515300634E6C /* FoodPin.app */ = {isa = PBXFileReference; explicitFileType = wrapper.application; includeInIndex = 0; path = FoodPin.app; sourceTree = BUILT_PRODUCTS_DIR; };
		F1318B172B8D515300634E6C /* FoodPinApp.swift */ = {isa = PBXFileReference; lastKnownFileType = sourcecode.swift; path = FoodPinApp.swift; sourceTree = "<group>"; };
		F1318B192B8D515300634E6C /* RestaurantListView.swift */ = {isa = PBXFileReference; lastKnownFileType = sourcecode.swift; path = RestaurantListView.swift; sourceTree = "<group>"; };
		F1318B1B2B8D515400634E6C /* Assets.xcassets */ = {isa = PBXFileReference; lastKnownFileType = folder.assetcatalog; path = Assets.xcassets; sourceTree = "<group>"; };
		F1318B1E2B8D515400634E6C /* Preview Assets.xcassets */ = {isa = PBXFileReference; lastKnownFileType = folder.assetcatalog; path = "Preview Assets.xcassets"; sourceTree = "<group>"; };
		F14C2F862BCDE11C00C6B26F /* Nunito-Regular.ttf */ = {isa = PBXFileReference; lastKnownFileType = file; path = "Nunito-Regular.ttf"; sourceTree = "<group>"; };
		F14C2F872BCDE11C00C6B26F /* Nunito-Bold.ttf */ = {isa = PBXFileReference; lastKnownFileType = file; path = "Nunito-Bold.ttf"; sourceTree = "<group>"; };
		F14C2F8A2BCDE1C400C6B26F /* Info.plist */ = {isa = PBXFileReference; lastKnownFileType = text.plist; path = Info.plist; sourceTree = "<group>"; };
		F1689D802BC4ABC8008F26A0 /* ActivityView.swift */ = {isa = PBXFileReference; lastKnownFileType = sourcecode.swift; path = ActivityView.swift; sourceTree = "<group>"; };
		F16B20BF2BD9C2F00001C1BF /* ReviewView.swift */ = {isa = PBXFileReference; lastKnownFileType = sourcecode.swift; path = ReviewView.swift; sourceTree = "<group>"; };
		F171C7EB2BC74D2F00A389F5 /* RestaurantDetailView.swift */ = {isa = PBXFileReference; lastKnownFileType = sourcecode.swift; path = RestaurantDetailView.swift; sourceTree = "<group>"; };
		F1AEB0FA2BE98D920030B720 /* NewRestaurantView.swift */ = {isa = PBXFileReference; lastKnownFileType = sourcecode.swift; path = NewRestaurantView.swift; sourceTree = "<group>"; };
		F1AEB0FD2BE99BFD0030B720 /* ImagePicker.swift */ = {isa = PBXFileReference; lastKnownFileType = sourcecode.swift; path = ImagePicker.swift; sourceTree = "<group>"; };
		F1B227282BBDE78A0068000C /* Restaurant.swift */ = {isa = PBXFileReference; lastKnownFileType = sourcecode.swift; path = Restaurant.swift; sourceTree = "<group>"; };
		F1F707DF2BD0855600AAD009 /* MapView.swift */ = {isa = PBXFileReference; lastKnownFileType = sourcecode.swift; path = MapView.swift; sourceTree = "<group>"; };
/* End PBXFileReference section */

/* Begin PBXFrameworksBuildPhase section */
		F1318B112B8D515300634E6C /* Frameworks */ = {
			isa = PBXFrameworksBuildPhase;
			buildActionMask = 2147483647;
			files = (
			);
			runOnlyForDeploymentPostprocessing = 0;
		};
/* End PBXFrameworksBuildPhase section */

/* Begin PBXGroup section */
		F1318B0B2B8D515300634E6C = {
			isa = PBXGroup;
			children = (
				F1318B162B8D515300634E6C /* FoodPin */,
				F1318B152B8D515300634E6C /* Products */,
			);
			sourceTree = "<group>";
		};
		F1318B152B8D515300634E6C /* Products */ = {
			isa = PBXGroup;
			children = (
				F1318B142B8D515300634E6C /* FoodPin.app */,
			);
			name = Products;
			sourceTree = "<group>";
		};
		F1318B162B8D515300634E6C /* FoodPin */ = {
			isa = PBXGroup;
			children = (
				F1AEB0FC2BE99BC30030B720 /* Util */,
				F14C2F8A2BCDE1C400C6B26F /* Info.plist */,
				F14C2F852BCDE0A900C6B26F /* Fonts */,
				F1B2272B2BBDECD10068000C /* View */,
				F1B2272A2BBDECC80068000C /* Model */,
				F1318B172B8D515300634E6C /* FoodPinApp.swift */,
				F1318B1B2B8D515400634E6C /* Assets.xcassets */,
				F1318B1D2B8D515400634E6C /* Preview Content */,
			);
			path = FoodPin;
			sourceTree = "<group>";
		};
		F1318B1D2B8D515400634E6C /* Preview Content */ = {
			isa = PBXGroup;
			children = (
				F1318B1E2B8D515400634E6C /* Preview Assets.xcassets */,
			);
			path = "Preview Content";
			sourceTree = "<group>";
		};
		F14C2F852BCDE0A900C6B26F /* Fonts */ = {
			isa = PBXGroup;
			children = (
				F14C2F872BCDE11C00C6B26F /* Nunito-Bold.ttf */,
				F14C2F862BCDE11C00C6B26F /* Nunito-Regular.ttf */,
			);
			path = Fonts;
			sourceTree = "<group>";
		};
		F1AEB0FC2BE99BC30030B720 /* Util */ = {
			isa = PBXGroup;
			children = (
				F1AEB0FD2BE99BFD0030B720 /* ImagePicker.swift */,
			);
			path = Util;
			sourceTree = "<group>";
		};
		F1B2272A2BBDECC80068000C /* Model */ = {
			isa = PBXGroup;
			children = (
				F1B227282BBDE78A0068000C /* Restaurant.swift */,
			);
			path = Model;
			sourceTree = "<group>";
		};
		F1B2272B2BBDECD10068000C /* View */ = {
			isa = PBXGroup;
			children = (
				F1318B192B8D515300634E6C /* RestaurantListView.swift */,
				F171C7EB2BC74D2F00A389F5 /* RestaurantDetailView.swift */,
				F1689D802BC4ABC8008F26A0 /* ActivityView.swift */,
				F1F707DF2BD0855600AAD009 /* MapView.swift */,
				F16B20BF2BD9C2F00001C1BF /* ReviewView.swift */,
				F1AEB0FA2BE98D920030B720 /* NewRestaurantView.swift */,
			);
			path = View;
			sourceTree = "<group>";
		};
/* End PBXGroup section */

/* Begin PBXNativeTarget section */
		F1318B132B8D515300634E6C /* FoodPin */ = {
			isa = PBXNativeTarget;
			buildConfigurationList = F1318B222B8D515400634E6C /* Build configuration list for PBXNativeTarget "FoodPin" */;
			buildPhases = (
				F1318B102B8D515300634E6C /* Sources */,
				F1318B112B8D515300634E6C /* Frameworks */,
				F1318B122B8D515300634E6C /* Resources */,
			);
			buildRules = (
			);
			dependencies = (
			);
			name = FoodPin;
			productName = FoodPin;
			productReference = F1318B142B8D515300634E6C /* FoodPin.app */;
			productType = "com.apple.product-type.application";
		};
/* End PBXNativeTarget section */

/* Begin PBXProject section */
		F1318B0C2B8D515300634E6C /* Project object */ = {
			isa = PBXProject;
			attributes = {
				BuildIndependentTargetsInParallel = 1;
				LastSwiftUpdateCheck = 1520;
				LastUpgradeCheck = 1520;
				TargetAttributes = {
					F1318B132B8D515300634E6C = {
						CreatedOnToolsVersion = 15.2;
					};
				};
			};
			buildConfigurationList = F1318B0F2B8D515300634E6C /* Build configuration list for PBXProject "FoodPin" */;
			compatibilityVersion = "Xcode 14.0";
			developmentRegion = en;
			hasScannedForEncodings = 0;
			knownRegions = (
				en,
				Base,
			);
			mainGroup = F1318B0B2B8D515300634E6C;
			productRefGroup = F1318B152B8D515300634E6C /* Products */;
			projectDirPath = "";
			projectRoot = "";
			targets = (
				F1318B132B8D515300634E6C /* FoodPin */,
			);
		};
/* End PBXProject section */

/* Begin PBXResourcesBuildPhase section */
		F1318B122B8D515300634E6C /* Resources */ = {
			isa = PBXResourcesBuildPhase;
			buildActionMask = 2147483647;
			files = (
				F14C2F882BCDE11C00C6B26F /* Nunito-Regular.ttf in Resources */,
				F1318B1F2B8D515400634E6C /* Preview Assets.xcassets in Resources */,
				F14C2F892BCDE11C00C6B26F /* Nunito-Bold.ttf in Resources */,
				F1318B1C2B8D515400634E6C /* Assets.xcassets in Resources */,
			);
			runOnlyForDeploymentPostprocessing = 0;
		};
/* End PBXResourcesBuildPhase section */

/* Begin PBXSourcesBuildPhase section */
		F1318B102B8D515300634E6C /* Sources */ = {
			isa = PBXSourcesBuildPhase;
			buildActionMask = 2147483647;
			files = (
				F1AEB0FB2BE98D920030B720 /* NewRestaurantView.swift in Sources */,
				F1318B1A2B8D515300634E6C /* RestaurantListView.swift in Sources */,
				F1F707E02BD0855600AAD009 /* MapView.swift in Sources */,
				F1AEB0FE2BE99BFD0030B720 /* ImagePicker.swift in Sources */,
				F171C7EC2BC74D2F00A389F5 /* RestaurantDetailView.swift in Sources */,
				F1689D812BC4ABC8008F26A0 /* ActivityView.swift in Sources */,
				F1318B182B8D515300634E6C /* FoodPinApp.swift in Sources */,
				F1B227292BBDE78A0068000C /* Restaurant.swift in Sources */,
				F16B20C02BD9C2F00001C1BF /* ReviewView.swift in Sources */,
			);
			runOnlyForDeploymentPostprocessing = 0;
		};
/* End PBXSourcesBuildPhase section */

/* Begin XCBuildConfiguration section */
		F1318B202B8D515400634E6C /* Debug */ = {
			isa = XCBuildConfiguration;
			buildSettings = {
				ALWAYS_SEARCH_USER_PATHS = NO;
				ASSETCATALOG_COMPILER_GENERATE_SWIFT_ASSET_SYMBOL_EXTENSIONS = YES;
				CLANG_ANALYZER_NONNULL = YES;
				CLANG_ANALYZER_NUMBER_OBJECT_CONVERSION = YES_AGGRESSIVE;
				CLANG_CXX_LANGUAGE_STANDARD = "gnu++20";
				CLANG_ENABLE_MODULES = YES;
				CLANG_ENABLE_OBJC_ARC = YES;
				CLANG_ENABLE_OBJC_WEAK = YES;
				CLANG_WARN_BLOCK_CAPTURE_AUTORELEASING = YES;
				CLANG_WARN_BOOL_CONVERSION = YES;
				CLANG_WARN_COMMA = YES;
				CLANG_WARN_CONSTANT_CONVERSION = YES;
				CLANG_WARN_DEPRECATED_OBJC_IMPLEMENTATIONS = YES;
				CLANG_WARN_DIRECT_OBJC_ISA_USAGE = YES_ERROR;
				CLANG_WARN_DOCUMENTATION_COMMENTS = YES;
				CLANG_WARN_EMPTY_BODY = YES;
				CLANG_WARN_ENUM_CONVERSION = YES;
				CLANG_WARN_INFINITE_RECURSION = YES;
				CLANG_WARN_INT_CONVERSION = YES;
				CLANG_WARN_NON_LITERAL_NULL_CONVERSION = YES;
				CLANG_WARN_OBJC_IMPLICIT_RETAIN_SELF = YES;
				CLANG_WARN_OBJC_LITERAL_CONVERSION = YES;
				CLANG_WARN_OBJC_ROOT_CLASS = YES_ERROR;
				CLANG_WARN_QUOTED_INCLUDE_IN_FRAMEWORK_HEADER = YES;
				CLANG_WARN_RANGE_LOOP_ANALYSIS = YES;
				CLANG_WARN_STRICT_PROTOTYPES = YES;
				CLANG_WARN_SUSPICIOUS_MOVE = YES;
				CLANG_WARN_UNGUARDED_AVAILABILITY = YES_AGGRESSIVE;
				CLANG_WARN_UNREACHABLE_CODE = YES;
				CLANG_WARN__DUPLICATE_METHOD_MATCH = YES;
				COPY_PHASE_STRIP = NO;
				DEBUG_INFORMATION_FORMAT = dwarf;
				ENABLE_STRICT_OBJC_MSGSEND = YES;
				ENABLE_TESTABILITY = YES;
				ENABLE_USER_SCRIPT_SANDBOXING = YES;
				GCC_C_LANGUAGE_STANDARD = gnu17;
				GCC_DYNAMIC_NO_PIC = NO;
				GCC_NO_COMMON_BLOCKS = YES;
				GCC_OPTIMIZATION_LEVEL = 0;
				GCC_PREPROCESSOR_DEFINITIONS = (
					"DEBUG=1",
					"$(inherited)",
				);
				GCC_WARN_64_TO_32_BIT_CONVERSION = YES;
				GCC_WARN_ABOUT_RETURN_TYPE = YES_ERROR;
				GCC_WARN_UNDECLARED_SELECTOR = YES;
				GCC_WARN_UNINITIALIZED_AUTOS = YES_AGGRESSIVE;
				GCC_WARN_UNUSED_FUNCTION = YES;
				GCC_WARN_UNUSED_VARIABLE = YES;
				IPHONEOS_DEPLOYMENT_TARGET = 17.2;
				LOCALIZATION_PREFERS_STRING_CATALOGS = YES;
				MTL_ENABLE_DEBUG_INFO = INCLUDE_SOURCE;
				MTL_FAST_MATH = YES;
				ONLY_ACTIVE_ARCH = YES;
				SDKROOT = iphoneos;
				SWIFT_ACTIVE_COMPILATION_CONDITIONS = "DEBUG $(inherited)";
				SWIFT_OPTIMIZATION_LEVEL = "-Onone";
			};
			name = Debug;
		};
		F1318B212B8D515400634E6C /* Release */ = {
			isa = XCBuildConfiguration;
			buildSettings = {
				ALWAYS_SEARCH_USER_PATHS = NO;
				ASSETCATALOG_COMPILER_GENERATE_SWIFT_ASSET_SYMBOL_EXTENSIONS = YES;
				CLANG_ANALYZER_NONNULL = YES;
				CLANG_ANALYZER_NUMBER_OBJECT_CONVERSION = YES_AGGRESSIVE;
				CLANG_CXX_LANGUAGE_STANDARD = "gnu++20";
				CLANG_ENABLE_MODULES = YES;
				CLANG_ENABLE_OBJC_ARC = YES;
				CLANG_ENABLE_OBJC_WEAK = YES;
				CLANG_WARN_BLOCK_CAPTURE_AUTORELEASING = YES;
				CLANG_WARN_BOOL_CONVERSION = YES;
				CLANG_WARN_COMMA = YES;
				CLANG_WARN_CONSTANT_CONVERSION = YES;
				CLANG_WARN_DEPRECATED_OBJC_IMPLEMENTATIONS = YES;
				CLANG_WARN_DIRECT_OBJC_ISA_USAGE = YES_ERROR;
				CLANG_WARN_DOCUMENTATION_COMMENTS = YES;
				CLANG_WARN_EMPTY_BODY = YES;
				CLANG_WARN_ENUM_CONVERSION = YES;
				CLANG_WARN_INFINITE_RECURSION = YES;
				CLANG_WARN_INT_CONVERSION = YES;
				CLANG_WARN_NON_LITERAL_NULL_CONVERSION = YES;
				CLANG_WARN_OBJC_IMPLICIT_RETAIN_SELF = YES;
				CLANG_WARN_OBJC_LITERAL_CONVERSION = YES;
				CLANG_WARN_OBJC_ROOT_CLASS = YES_ERROR;
				CLANG_WARN_QUOTED_INCLUDE_IN_FRAMEWORK_HEADER = YES;
				CLANG_WARN_RANGE_LOOP_ANALYSIS = YES;
				CLANG_WARN_STRICT_PROTOTYPES = YES;
				CLANG_WARN_SUSPICIOUS_MOVE = YES;
				CLANG_WARN_UNGUARDED_AVAILABILITY = YES_AGGRESSIVE;
				CLANG_WARN_UNREACHABLE_CODE = YES;
				CLANG_WARN__DUPLICATE_METHOD_MATCH = YES;
				COPY_PHASE_STRIP = NO;
				DEBUG_INFORMATION_FORMAT = "dwarf-with-dsym";
				ENABLE_NS_ASSERTIONS = NO;
				ENABLE_STRICT_OBJC_MSGSEND = YES;
				ENABLE_USER_SCRIPT_SANDBOXING = YES;
				GCC_C_LANGUAGE_STANDARD = gnu17;
				GCC_NO_COMMON_BLOCKS = YES;
				GCC_WARN_64_TO_32_BIT_CONVERSION = YES;
				GCC_WARN_ABOUT_RETURN_TYPE = YES_ERROR;
				GCC_WARN_UNDECLARED_SELECTOR = YES;
				GCC_WARN_UNINITIALIZED_AUTOS = YES_AGGRESSIVE;
				GCC_WARN_UNUSED_FUNCTION = YES;
				GCC_WARN_UNUSED_VARIABLE = YES;
				IPHONEOS_DEPLOYMENT_TARGET = 17.2;
				LOCALIZATION_PREFERS_STRING_CATALOGS = YES;
				MTL_ENABLE_DEBUG_INFO = NO;
				MTL_FAST_MATH = YES;
				SDKROOT = iphoneos;
				SWIFT_COMPILATION_MODE = wholemodule;
				VALIDATE_PRODUCT = YES;
			};
			name = Release;
		};
		F1318B232B8D515400634E6C /* Debug */ = {
			isa = XCBuildConfiguration;
			buildSettings = {
				ASSETCATALOG_COMPILER_APPICON_NAME = AppIcon;
				ASSETCATALOG_COMPILER_GLOBAL_ACCENT_COLOR_NAME = AccentColor;
				CODE_SIGN_STYLE = Automatic;
				CURRENT_PROJECT_VERSION = 1;
				DEVELOPMENT_ASSET_PATHS = "\"FoodPin/Preview Content\"";
				ENABLE_PREVIEWS = YES;
				GENERATE_INFOPLIST_FILE = YES;
				INFOPLIST_FILE = FoodPin/Info.plist;
				INFOPLIST_KEY_UIApplicationSceneManifest_Generation = YES;
				INFOPLIST_KEY_UIApplicationSupportsIndirectInputEvents = YES;
				INFOPLIST_KEY_UILaunchScreen_Generation = YES;
				INFOPLIST_KEY_UISupportedInterfaceOrientations_iPad = "UIInterfaceOrientationPortrait UIInterfaceOrientationPortraitUpsideDown UIInterfaceOrientationLandscapeLeft UIInterfaceOrientationLandscapeRight";
				INFOPLIST_KEY_UISupportedInterfaceOrientations_iPhone = "UIInterfaceOrientationPortrait UIInterfaceOrientationLandscapeLeft UIInterfaceOrientationLandscapeRight";
				IPHONEOS_DEPLOYMENT_TARGET = 15.0;
				LD_RUNPATH_SEARCH_PATHS = (
					"$(inherited)",
					"@executable_path/Frameworks",
				);
				MARKETING_VERSION = 1.0;
				PRODUCT_BUNDLE_IDENTIFIER = com.appcoda.FoodPin;
				PRODUCT_NAME = "$(TARGET_NAME)";
				SUPPORTED_PLATFORMS = "iphoneos iphonesimulator";
				SUPPORTS_MACCATALYST = NO;
				SUPPORTS_MAC_DESIGNED_FOR_IPHONE_IPAD = NO;
				SUPPORTS_XR_DESIGNED_FOR_IPHONE_IPAD = NO;
				SWIFT_EMIT_LOC_STRINGS = YES;
				SWIFT_VERSION = 5.0;
				TARGETED_DEVICE_FAMILY = "1,2";
			};
			name = Debug;
		};
		F1318B242B8D515400634E6C /* Release */ = {
			isa = XCBuildConfiguration;
			buildSettings = {
				ASSETCATALOG_COMPILER_APPICON_NAME = AppIcon;
				ASSETCATALOG_COMPILER_GLOBAL_ACCENT_COLOR_NAME = AccentColor;
				CODE_SIGN_STYLE = Automatic;
				CURRENT_PROJECT_VERSION = 1;
				DEVELOPMENT_ASSET_PATHS = "\"FoodPin/Preview Content\"";
				ENABLE_PREVIEWS = YES;
				GENERATE_INFOPLIST_FILE = YES;
				INFOPLIST_FILE = FoodPin/Info.plist;
				INFOPLIST_KEY_UIApplicationSceneManifest_Generation = YES;
				INFOPLIST_KEY_UIApplicationSupportsIndirectInputEvents = YES;
				INFOPLIST_KEY_UILaunchScreen_Generation = YES;
				INFOPLIST_KEY_UISupportedInterfaceOrientations_iPad = "UIInterfaceOrientationPortrait UIInterfaceOrientationPortraitUpsideDown UIInterfaceOrientationLandscapeLeft UIInterfaceOrientationLandscapeRight";
				INFOPLIST_KEY_UISupportedInterfaceOrientations_iPhone = "UIInterfaceOrientationPortrait UIInterfaceOrientationLandscapeLeft UIInterfaceOrientationLandscapeRight";
				IPHONEOS_DEPLOYMENT_TARGET = 15.0;
				LD_RUNPATH_SEARCH_PATHS = (
					"$(inherited)",
					"@executable_path/Frameworks",
				);
				MARKETING_VERSION = 1.0;
				PRODUCT_BUNDLE_IDENTIFIER = com.appcoda.FoodPin;
				PRODUCT_NAME = "$(TARGET_NAME)";
				SUPPORTED_PLATFORMS = "iphoneos iphonesimulator";
				SUPPORTS_MACCATALYST = NO;
				SUPPORTS_MAC_DESIGNED_FOR_IPHONE_IPAD = NO;
				SUPPORTS_XR_DESIGNED_FOR_IPHONE_IPAD = NO;
				SWIFT_EMIT_LOC_STRINGS = YES;
				SWIFT_VERSION = 5.0;
				TARGETED_DEVICE_FAMILY = "1,2";
			};
			name = Release;
		};
/* End XCBuildConfiguration section */

/* Begin XCConfigurationList section */
		F1318B0F2B8D515300634E6C /* Build configuration list for PBXProject "FoodPin" */ = {
			isa = XCConfigurationList;
			buildConfigurations = (
				F1318B202B8D515400634E6C /* Debug */,
				F1318B212B8D515400634E6C /* Release */,
			);
			defaultConfigurationIsVisible = 0;
			defaultConfigurationName = Release;
		};
		F1318B222B8D515400634E6C /* Build configuration list for PBXNativeTarget "FoodPin" */ = {
			isa = XCConfigurationList;
			buildConfigurations = (
				F1318B232B8D515400634E6C /* Debug */,
				F1318B242B8D515400634E6C /* Release */,
			);
			defaultConfigurationIsVisible = 0;
			defaultConfigurationName = Release;
		};
/* End XCConfigurationList section */
	};
	rootObject = F1318B0C2B8D515300634E6C /* Project object */;
}
